
Microsoft Visual Studio Solution File, Format Version 12.00
# Visual Studio Version 17
VisualStudioVersion = 17.11.35312.102
MinimumVisualStudioVersion = 10.0.40219.1
Project("{FAE04EC0-301F-11D3-BF4B-00C04F79EFBC}") = "Encapsulation", "Encapsulation\Encapsulation.csproj", "{22782412-9005-406D-A39E-38731961960A}"
EndProject
Global
	GlobalSection(SolutionConfigurationPlatforms) = preSolution
		Debug|Any CPU = Debug|Any CPU
		Release|Any CPU = Release|Any CPU
	EndGlobalSection
	GlobalSection(ProjectConfigurationPlatforms) = postSolution
		{22782412-9005-406D-A39E-38731961960A}.Debug|Any CPU.ActiveCfg = Debug|Any CPU
		{22782412-9005-406D-A39E-38731961960A}.Debug|Any CPU.Build.0 = Debug|Any CPU
		{22782412-9005-406D-A39E-38731961960A}.Release|Any CPU.ActiveCfg = Release|Any CPU
		{22782412-9005-406D-A39E-38731961960A}.Release|Any CPU.Build.0 = Release|Any CPU
	EndGlobalSection
	GlobalSection(SolutionProperties) = preSolution
		HideSolutionNode = FALSE
	EndGlobalSection
	GlobalSection(ExtensibilityGlobals) = postSolution
		SolutionGuid = {8DB9627D-307E-4658-A8B7-3AA20C00E274}
	EndGlobalSection
EndGlobal
